
Microsoft Visual Studio Solution File, Format Version 12.00
# Visual Studio Version 17
VisualStudioVersion = 17.5.33627.172
MinimumVisualStudioVersion = 10.0.40219.1
Project("{9A19103F-16F7-4668-BE54-9A1E7A4F7556}") = "MPS.Web", "MPS.Web\MPS.Web.csproj", "{352D6643-BE41-4361-9234-A0F2280F27CF}"
EndProject
Project("{9A19103F-16F7-4668-BE54-9A1E7A4F7556}") = "MPS.DataAccess", "MPS.DataAccess\MPS.DataAccess.csproj", "{7A89DFB9-6AB2-43B0-A8B1-67357B28DB9B}"
EndProject
Project("{FAE04EC0-301F-11D3-BF4B-00C04F79EFBC}") = "MPS.Services", "MPS.Services\MPS.Services.csproj", "{F21BE516-58AF-473B-92FF-E4CAD0F00294}"
EndProject
Global
	GlobalSection(SolutionConfigurationPlatforms) = preSolution
		Debug|Any CPU = Debug|Any CPU
		Release|Any CPU = Release|Any CPU
	EndGlobalSection
	GlobalSection(ProjectConfigurationPlatforms) = postSolution
		{352D6643-BE41-4361-9234-A0F2280F27CF}.Debug|Any CPU.ActiveCfg = Debug|Any CPU
		{352D6643-BE41-4361-9234-A0F2280F27CF}.Debug|Any CPU.Build.0 = Debug|Any CPU
		{352D6643-BE41-4361-9234-A0F2280F27CF}.Release|Any CPU.ActiveCfg = Release|Any CPU
		{352D6643-BE41-4361-9234-A0F2280F27CF}.Release|Any CPU.Build.0 = Release|Any CPU
		{7A89DFB9-6AB2-43B0-A8B1-67357B28DB9B}.Debug|Any CPU.ActiveCfg = Debug|Any CPU
		{7A89DFB9-6AB2-43B0-A8B1-67357B28DB9B}.Debug|Any CPU.Build.0 = Debug|Any CPU
		{7A89DFB9-6AB2-43B0-A8B1-67357B28DB9B}.Release|Any CPU.ActiveCfg = Release|Any CPU
		{7A89DFB9-6AB2-43B0-A8B1-67357B28DB9B}.Release|Any CPU.Build.0 = Release|Any CPU
		{F21BE516-58AF-473B-92FF-E4CAD0F00294}.Debug|Any CPU.ActiveCfg = Debug|Any CPU
		{F21BE516-58AF-473B-92FF-E4CAD0F00294}.Debug|Any CPU.Build.0 = Debug|Any CPU
		{F21BE516-58AF-473B-92FF-E4CAD0F00294}.Release|Any CPU.ActiveCfg = Release|Any CPU
		{F21BE516-58AF-473B-92FF-E4CAD0F00294}.Release|Any CPU.Build.0 = Release|Any CPU
	EndGlobalSection
	GlobalSection(SolutionProperties) = preSolution
		HideSolutionNode = FALSE
	EndGlobalSection
	GlobalSection(ExtensibilityGlobals) = postSolution
		SolutionGuid = {75FE9226-38C1-4D00-93B3-0CA8376112CC}
	EndGlobalSection
EndGlobal
